{
  "name": "bitbar",
  "version": "1.0.0",
  "lockfileVersion": 1,
  "requires": true,
  "dependencies": {
    "async": {
      "version": "2.6.1",
      "resolved": "http://registry.npm.taobao.org/async/download/async-2.6.1.tgz",
      "integrity": "sha1-skWiPKcZMAROxT+kaqAKPofGphA=",
      "requires": {
        "lodash": "4.17.10"
      }
    },
    "bitbar": {
      "version": "0.3.0",
      "resolved": "http://registry.npm.taobao.org/bitbar/download/bitbar-0.3.0.tgz",
      "integrity": "sha1-HD+YNl7/34iRjoLi5CM2CFE4vHI="
    },
    "lodash": {
      "version": "4.17.10",
      "resolved": "http://registry.npm.taobao.org/lodash/download/lodash-4.17.10.tgz",
      "integrity": "sha1-G3eTz3JZ6jj7NmHU04syYK+K5Oc="
    },
    "punycode": {
      "version": "1.4.1",
      "resolved": "http://registry.npm.taobao.org/punycode/download/punycode-1.4.1.tgz",
      "integrity": "sha1-wNWmOycYgArY4esPpSachN1BhF4="
    },
    "request-promise": {
      "version": "4.2.2",
      "resolved": "http://registry.npm.taobao.org/request-promise/download/request-promise-4.2.2.tgz",
      "integrity": "sha1-0epG1lSm7k+O5qT+oQGMIpEZBLQ=",
      "requires": {
        "bluebird": "3.5.1",
        "request-promise-core": "1.1.1",
        "stealthy-require": "1.1.1",
        "tough-cookie": "2.3.4"
      },
      "dependencies": {
        "bluebird": {
          "version": "3.5.1",
          "resolved": "http://registry.npm.taobao.org/bluebird/download/bluebird-3.5.1.tgz",
          "integrity": "sha1-2VUfnemPH82h5oPRfukaBgLuLrk="
        }
      }
    },
    "request-promise-core": {
      "version": "1.1.1",
      "resolved": "http://registry.npm.taobao.org/request-promise-core/download/request-promise-core-1.1.1.tgz",
      "integrity": "sha1-Pu4AssWqgyOc+wTFcA2jb4HNCLY=",
      "requires": {
        "lodash": "4.17.10"
      }
    },
    "stealthy-require": {
      "version": "1.1.1",
      "resolved": "http://registry.npm.taobao.org/stealthy-require/download/stealthy-require-1.1.1.tgz",
      "integrity": "sha1-NbCYdbT/SfJqd35QmzCQoyJr8ks="
    },
    "tough-cookie": {
      "version": "2.3.4",
      "resolved": "http://registry.npm.taobao.org/tough-cookie/download/tough-cookie-2.3.4.tgz",
      "integrity": "sha1-7GDO44rGdQY//JelwYlwV47oNlU=",
      "requires": {
        "punycode": "1.4.1"
      }
    }
  }
}
